
Microsoft Visual Studio Solution File, Format Version 12.00
# Visual Studio Version 17
VisualStudioVersion = 17.3.32929.385
MinimumVisualStudioVersion = 10.0.40219.1
Project("{FAE04EC0-301F-11D3-BF4B-00C04F79EFBC}") = "SubscribersTelephoneCompany", "SubscribersTelephoneCompany\SubscribersTelephoneCompany.csproj", "{0D0D459F-2993-4576-95F9-C3E4B4AEC952}"
EndProject
Global
	GlobalSection(SolutionConfigurationPlatforms) = preSolution
		Debug|Any CPU = Debug|Any CPU
		Release|Any CPU = Release|Any CPU
	EndGlobalSection
	GlobalSection(ProjectConfigurationPlatforms) = postSolution
		{0D0D459F-2993-4576-95F9-C3E4B4AEC952}.Debug|Any CPU.ActiveCfg = Debug|Any CPU
		{0D0D459F-2993-4576-95F9-C3E4B4AEC952}.Debug|Any CPU.Build.0 = Debug|Any CPU
		{0D0D459F-2993-4576-95F9-C3E4B4AEC952}.Release|Any CPU.ActiveCfg = Release|Any CPU
		{0D0D459F-2993-4576-95F9-C3E4B4AEC952}.Release|Any CPU.Build.0 = Release|Any CPU
	EndGlobalSection
	GlobalSection(SolutionProperties) = preSolution
		HideSolutionNode = FALSE
	EndGlobalSection
	GlobalSection(ExtensibilityGlobals) = postSolution
		SolutionGuid = {8D0199E8-EB4F-4DA9-9A95-2C781743EA2E}
	EndGlobalSection
EndGlobal
